
Microsoft Visual Studio Solution File, Format Version 12.00
# Visual Studio 15
VisualStudioVersion = 15.0.27703.2026
MinimumVisualStudioVersion = 10.0.40219.1
Project("{FAE04EC0-301F-11D3-BF4B-00C04F79EFBC}") = "StringCalculator", "StringCalculator\StringCalculator.csproj", "{838157D5-942F-4727-9144-2949298EFDCB}"
EndProject
Project("{FAE04EC0-301F-11D3-BF4B-00C04F79EFBC}") = "StringCalculator.Tests", "StringCalculator.Tests\StringCalculator.Tests.csproj", "{EEE29D98-271A-416E-A401-09BBFFA3DC4D}"
EndProject
Global
	GlobalSection(SolutionConfigurationPlatforms) = preSolution
		Debug|Any CPU = Debug|Any CPU
		Release|Any CPU = Release|Any CPU
	EndGlobalSection
	GlobalSection(ProjectConfigurationPlatforms) = postSolution
		{838157D5-942F-4727-9144-2949298EFDCB}.Debug|Any CPU.ActiveCfg = Debug|Any CPU
		{838157D5-942F-4727-9144-2949298EFDCB}.Debug|Any CPU.Build.0 = Debug|Any CPU
		{838157D5-942F-4727-9144-2949298EFDCB}.Release|Any CPU.ActiveCfg = Release|Any CPU
		{838157D5-942F-4727-9144-2949298EFDCB}.Release|Any CPU.Build.0 = Release|Any CPU
		{EEE29D98-271A-416E-A401-09BBFFA3DC4D}.Debug|Any CPU.ActiveCfg = Debug|Any CPU
		{EEE29D98-271A-416E-A401-09BBFFA3DC4D}.Debug|Any CPU.Build.0 = Debug|Any CPU
		{EEE29D98-271A-416E-A401-09BBFFA3DC4D}.Release|Any CPU.ActiveCfg = Release|Any CPU
		{EEE29D98-271A-416E-A401-09BBFFA3DC4D}.Release|Any CPU.Build.0 = Release|Any CPU
	EndGlobalSection
	GlobalSection(SolutionProperties) = preSolution
		HideSolutionNode = FALSE
	EndGlobalSection
	GlobalSection(ExtensibilityGlobals) = postSolution
		SolutionGuid = {1D1AF492-5E97-4514-9D85-0DCAE0A257CC}
	EndGlobalSection
EndGlobal
